
Microsoft Visual Studio Solution File, Format Version 12.00
# Visual Studio Version 17
VisualStudioVersion = 17.2.32516.85
MinimumVisualStudioVersion = 10.0.40219.1
Project("{FAE04EC0-301F-11D3-BF4B-00C04F79EFBC}") = "Sumorise Text", "Sumorise Text.csproj", "{206AC7F8-E821-40A4-99D4-AD9A52ECB017}"
EndProject
Global
	GlobalSection(SolutionConfigurationPlatforms) = preSolution
		Debug|Any CPU = Debug|Any CPU
		Release|Any CPU = Release|Any CPU
	EndGlobalSection
	GlobalSection(ProjectConfigurationPlatforms) = postSolution
		{206AC7F8-E821-40A4-99D4-AD9A52ECB017}.Debug|Any CPU.ActiveCfg = Debug|Any CPU
		{206AC7F8-E821-40A4-99D4-AD9A52ECB017}.Debug|Any CPU.Build.0 = Debug|Any CPU
		{206AC7F8-E821-40A4-99D4-AD9A52ECB017}.Release|Any CPU.ActiveCfg = Release|Any CPU
		{206AC7F8-E821-40A4-99D4-AD9A52ECB017}.Release|Any CPU.Build.0 = Release|Any CPU
	EndGlobalSection
	GlobalSection(SolutionProperties) = preSolution
		HideSolutionNode = FALSE
	EndGlobalSection
	GlobalSection(ExtensibilityGlobals) = postSolution
		SolutionGuid = {D48C10A8-BD6B-4AA1-99C0-25FCA975AAD2}
	EndGlobalSection
EndGlobal
